
Microsoft Visual Studio Solution File, Format Version 12.00
# Visual Studio Version 17
VisualStudioVersion = 17.6.33829.357
MinimumVisualStudioVersion = 10.0.40219.1
Project("{9A19103F-16F7-4668-BE54-9A1E7A4F7556}") = "ZUtilLib", "ZUtilLib.csproj", "{8DB46F74-DB25-4DEA-884F-AEABBA9494FC}"
EndProject
Project("{2150E333-8FDC-42A3-9474-1A3956D46DE8}") = "Solution Items", "Solution Items", "{05682621-8816-4B19-B4FE-456C7106CA77}"
	ProjectSection(SolutionItems) = preProject
		.editorconfig = .editorconfig
	EndProjectSection
EndProject
Project("{9A19103F-16F7-4668-BE54-9A1E7A4F7556}") = "LIBRARYTESTING", "TESTING\LIBRARYTESTING.csproj", "{F5B879A9-548E-476D-9276-2B49BA5EF12F}"
EndProject
Global
	GlobalSection(SolutionConfigurationPlatforms) = preSolution
		Debug|Any CPU = Debug|Any CPU
		Release|Any CPU = Release|Any CPU
	EndGlobalSection
	GlobalSection(ProjectConfigurationPlatforms) = postSolution
		{8DB46F74-DB25-4DEA-884F-AEABBA9494FC}.Debug|Any CPU.ActiveCfg = Debug|Any CPU
		{8DB46F74-DB25-4DEA-884F-AEABBA9494FC}.Debug|Any CPU.Build.0 = Debug|Any CPU
		{8DB46F74-DB25-4DEA-884F-AEABBA9494FC}.Release|Any CPU.ActiveCfg = Release|Any CPU
		{8DB46F74-DB25-4DEA-884F-AEABBA9494FC}.Release|Any CPU.Build.0 = Release|Any CPU
		{F5B879A9-548E-476D-9276-2B49BA5EF12F}.Debug|Any CPU.ActiveCfg = Debug|Any CPU
		{F5B879A9-548E-476D-9276-2B49BA5EF12F}.Debug|Any CPU.Build.0 = Debug|Any CPU
		{F5B879A9-548E-476D-9276-2B49BA5EF12F}.Release|Any CPU.ActiveCfg = Release|Any CPU
		{F5B879A9-548E-476D-9276-2B49BA5EF12F}.Release|Any CPU.Build.0 = Release|Any CPU
	EndGlobalSection
	GlobalSection(SolutionProperties) = preSolution
		HideSolutionNode = FALSE
	EndGlobalSection
	GlobalSection(ExtensibilityGlobals) = postSolution
		SolutionGuid = {8C0E6DF0-64B2-4D23-B9AB-C42DC0A0F41B}
	EndGlobalSection
EndGlobal
